
Microsoft Visual Studio Solution File, Format Version 12.00
# Visual Studio Version 16
VisualStudioVersion = 16.0.30011.22
MinimumVisualStudioVersion = 10.0.40219.1
Project("{FAE04EC0-301F-11D3-BF4B-00C04F79EFBC}") = "SimpsonMethod", "SimpsonMethod\SimpsonMethod.csproj", "{B417E2F6-60C2-41B0-BFC8-0AA4424DD525}"
EndProject
Global
	GlobalSection(SolutionConfigurationPlatforms) = preSolution
		Debug|Any CPU = Debug|Any CPU
		Release|Any CPU = Release|Any CPU
	EndGlobalSection
	GlobalSection(ProjectConfigurationPlatforms) = postSolution
		{B417E2F6-60C2-41B0-BFC8-0AA4424DD525}.Debug|Any CPU.ActiveCfg = Debug|Any CPU
		{B417E2F6-60C2-41B0-BFC8-0AA4424DD525}.Debug|Any CPU.Build.0 = Debug|Any CPU
		{B417E2F6-60C2-41B0-BFC8-0AA4424DD525}.Release|Any CPU.ActiveCfg = Release|Any CPU
		{B417E2F6-60C2-41B0-BFC8-0AA4424DD525}.Release|Any CPU.Build.0 = Release|Any CPU
	EndGlobalSection
	GlobalSection(SolutionProperties) = preSolution
		HideSolutionNode = FALSE
	EndGlobalSection
	GlobalSection(ExtensibilityGlobals) = postSolution
		SolutionGuid = {9EA00250-9F79-48FD-938A-B3F715CDD7E2}
	EndGlobalSection
EndGlobal
